
Microsoft Visual Studio Solution File, Format Version 12.00
# Visual Studio 15
VisualStudioVersion = 15.0.28307.779
MinimumVisualStudioVersion = 10.0.40219.1
Project("{FAE04EC0-301F-11D3-BF4B-00C04F79EFBC}") = "MVC_MiniProject_lastweek", "MVC_MiniProject_lastweek\MVC_MiniProject_lastweek.csproj", "{C78D857E-4B48-4484-A5FA-BE7FCB018203}"
EndProject
Global
	GlobalSection(SolutionConfigurationPlatforms) = preSolution
		Debug|Any CPU = Debug|Any CPU
		Release|Any CPU = Release|Any CPU
	EndGlobalSection
	GlobalSection(ProjectConfigurationPlatforms) = postSolution
		{C78D857E-4B48-4484-A5FA-BE7FCB018203}.Debug|Any CPU.ActiveCfg = Debug|Any CPU
		{C78D857E-4B48-4484-A5FA-BE7FCB018203}.Debug|Any CPU.Build.0 = Debug|Any CPU
		{C78D857E-4B48-4484-A5FA-BE7FCB018203}.Release|Any CPU.ActiveCfg = Release|Any CPU
		{C78D857E-4B48-4484-A5FA-BE7FCB018203}.Release|Any CPU.Build.0 = Release|Any CPU
	EndGlobalSection
	GlobalSection(SolutionProperties) = preSolution
		HideSolutionNode = FALSE
	EndGlobalSection
	GlobalSection(ExtensibilityGlobals) = postSolution
		SolutionGuid = {78053B96-6A55-4DAF-A2E0-3CFEA673F768}
	EndGlobalSection
EndGlobal
